// !$*UTF8*$!
{
	archiveVersion = 1;
	classes = {
	};
	objectVersion = 77;
	objects = {

/* Begin PBXBuildFile section */
		1F7FB1298B5CCECBB358C6AB /* Pods_cafinfo.framework in Frameworks */ = {isa = PBXBuildFile; fileRef = EF11AE9E5C2E850F282C53C8 /* Pods_cafinfo.framework */; };
		310170ABE883057AA7867563 /* Pods_cafinfoTests.framework in Frameworks */ = {isa = PBXBuildFile; fileRef = 5D12D4538D9710817E4817A7 /* Pods_cafinfoTests.framework */; };
		C89FB21A8E82D657D9506D87 /* Pods_cafinfo_cafinfoUITests.framework in Frameworks */ = {isa = PBXBuildFile; fileRef = A5DA52944361CCF61BEFF4A7 /* Pods_cafinfo_cafinfoUITests.framework */; };
/* End PBXBuildFile section */

/* Begin PBXContainerItemProxy section */
		DD86F8432DE486C70035BAAE /* PBXContainerItemProxy */ = {
			isa = PBXContainerItemProxy;
			containerPortal = DD86F8242DE486C50035BAAE /* Project object */;
			proxyType = 1;
			remoteGlobalIDString = DD86F82B2DE486C50035BAAE;
			remoteInfo = cafinfo;
		};
		DD86F84D2DE486C70035BAAE /* PBXContainerItemProxy */ = {
			isa = PBXContainerItemProxy;
			containerPortal = DD86F8242DE486C50035BAAE /* Project object */;
			proxyType = 1;
			remoteGlobalIDString = DD86F82B2DE486C50035BAAE;
			remoteInfo = cafinfo;
		};
/* End PBXContainerItemProxy section */

/* Begin PBXFileReference section */
		0675C970A6A14EECEEE32280 /* Pods-cafinfo-cafinfoUITests.debug.xcconfig */ = {isa = PBXFileReference; includeInIndex = 1; lastKnownFileType = text.xcconfig; name = "Pods-cafinfo-cafinfoUITests.debug.xcconfig"; path = "Target Support Files/Pods-cafinfo-cafinfoUITests/Pods-cafinfo-cafinfoUITests.debug.xcconfig"; sourceTree = "<group>"; };
		208F73870FBB82EE49273010 /* Pods-cafinfo.debug.xcconfig */ = {isa = PBXFileReference; includeInIndex = 1; lastKnownFileType = text.xcconfig; name = "Pods-cafinfo.debug.xcconfig"; path = "Target Support Files/Pods-cafinfo/Pods-cafinfo.debug.xcconfig"; sourceTree = "<group>"; };
		5D12D4538D9710817E4817A7 /* Pods_cafinfoTests.framework */ = {isa = PBXFileReference; explicitFileType = wrapper.framework; includeInIndex = 0; path = Pods_cafinfoTests.framework; sourceTree = BUILT_PRODUCTS_DIR; };
		6A8D1EB6B5B94FC36A9B3842 /* Pods-cafinfoTests.debug.xcconfig */ = {isa = PBXFileReference; includeInIndex = 1; lastKnownFileType = text.xcconfig; name = "Pods-cafinfoTests.debug.xcconfig"; path = "Target Support Files/Pods-cafinfoTests/Pods-cafinfoTests.debug.xcconfig"; sourceTree = "<group>"; };
		8236D501B60E4F88F5733661 /* Pods-cafinfo-cafinfoUITests.release.xcconfig */ = {isa = PBXFileReference; includeInIndex = 1; lastKnownFileType = text.xcconfig; name = "Pods-cafinfo-cafinfoUITests.release.xcconfig"; path = "Target Support Files/Pods-cafinfo-cafinfoUITests/Pods-cafinfo-cafinfoUITests.release.xcconfig"; sourceTree = "<group>"; };
		9DDF5B9F68992A0B443069C7 /* Pods-cafinfo.release.xcconfig */ = {isa = PBXFileReference; includeInIndex = 1; lastKnownFileType = text.xcconfig; name = "Pods-cafinfo.release.xcconfig"; path = "Target Support Files/Pods-cafinfo/Pods-cafinfo.release.xcconfig"; sourceTree = "<group>"; };
		A5DA52944361CCF61BEFF4A7 /* Pods_cafinfo_cafinfoUITests.framework */ = {isa = PBXFileReference; explicitFileType = wrapper.framework; includeInIndex = 0; path = Pods_cafinfo_cafinfoUITests.framework; sourceTree = BUILT_PRODUCTS_DIR; };
		DD86F82C2DE486C50035BAAE /* cafinfo.app */ = {isa = PBXFileReference; explicitFileType = wrapper.application; includeInIndex = 0; path = cafinfo.app; sourceTree = BUILT_PRODUCTS_DIR; };
		DD86F8422DE486C70035BAAE /* cafinfoTests.xctest */ = {isa = PBXFileReference; explicitFileType = wrapper.cfbundle; includeInIndex = 0; path = cafinfoTests.xctest; sourceTree = BUILT_PRODUCTS_DIR; };
		DD86F84C2DE486C70035BAAE /* cafinfoUITests.xctest */ = {isa = PBXFileReference; explicitFileType = wrapper.cfbundle; includeInIndex = 0; path = cafinfoUITests.xctest; sourceTree = BUILT_PRODUCTS_DIR; };
		DDBDDBEE0FE9624D33E88DCD /* Pods-cafinfoTests.release.xcconfig */ = {isa = PBXFileReference; includeInIndex = 1; lastKnownFileType = text.xcconfig; name = "Pods-cafinfoTests.release.xcconfig"; path = "Target Support Files/Pods-cafinfoTests/Pods-cafinfoTests.release.xcconfig"; sourceTree = "<group>"; };
		EF11AE9E5C2E850F282C53C8 /* Pods_cafinfo.framework */ = {isa = PBXFileReference; explicitFileType = wrapper.framework; includeInIndex = 0; path = Pods_cafinfo.framework; sourceTree = BUILT_PRODUCTS_DIR; };
/* End PBXFileReference section */

/* Begin PBXFileSystemSynchronizedBuildFileExceptionSet section */
		DD86F8542DE486C70035BAAE /* Exceptions for "cafinfo" folder in "cafinfo" target */ = {
			isa = PBXFileSystemSynchronizedBuildFileExceptionSet;
			membershipExceptions = (
				Info.plist,
			);
			target = DD86F82B2DE486C50035BAAE /* cafinfo */;
		};
/* End PBXFileSystemSynchronizedBuildFileExceptionSet section */

/* Begin PBXFileSystemSynchronizedRootGroup section */
		DD86F82E2DE486C50035BAAE /* cafinfo */ = {
			isa = PBXFileSystemSynchronizedRootGroup;
			exceptions = (
				DD86F8542DE486C70035BAAE /* Exceptions for "cafinfo" folder in "cafinfo" target */,
			);
			path = cafinfo;
			sourceTree = "<group>";
		};
		DD86F8452DE486C70035BAAE /* cafinfoTests */ = {
			isa = PBXFileSystemSynchronizedRootGroup;
			exceptions = (
			);
			path = cafinfoTests;
			sourceTree = "<group>";
		};
		DD86F84F2DE486C70035BAAE /* cafinfoUITests */ = {
			isa = PBXFileSystemSynchronizedRootGroup;
			exceptions = (
			);
			path = cafinfoUITests;
			sourceTree = "<group>";
		};
/* End PBXFileSystemSynchronizedRootGroup section */

/* Begin PBXFrameworksBuildPhase section */
		DD86F8292DE486C50035BAAE /* Frameworks */ = {
			isa = PBXFrameworksBuildPhase;
			buildActionMask = 2147483647;
			files = (
				1F7FB1298B5CCECBB358C6AB /* Pods_cafinfo.framework in Frameworks */,
			);
			runOnlyForDeploymentPostprocessing = 0;
		};
		DD86F83F2DE486C70035BAAE /* Frameworks */ = {
			isa = PBXFrameworksBuildPhase;
			buildActionMask = 2147483647;
			files = (
				310170ABE883057AA7867563 /* Pods_cafinfoTests.framework in Frameworks */,
			);
			runOnlyForDeploymentPostprocessing = 0;
		};
		DD86F8492DE486C70035BAAE /* Frameworks */ = {
			isa = PBXFrameworksBuildPhase;
			buildActionMask = 2147483647;
			files = (
				C89FB21A8E82D657D9506D87 /* Pods_cafinfo_cafinfoUITests.framework in Frameworks */,
			);
			runOnlyForDeploymentPostprocessing = 0;
		};
/* End PBXFrameworksBuildPhase section */

/* Begin PBXGroup section */
		772F2024198BEBD67AC601DB /* Frameworks */ = {
			isa = PBXGroup;
			children = (
				EF11AE9E5C2E850F282C53C8 /* Pods_cafinfo.framework */,
				A5DA52944361CCF61BEFF4A7 /* Pods_cafinfo_cafinfoUITests.framework */,
				5D12D4538D9710817E4817A7 /* Pods_cafinfoTests.framework */,
			);
			name = Frameworks;
			sourceTree = "<group>";
		};
		D86196B9AB043B79DFC94B23 /* Pods */ = {
			isa = PBXGroup;
			children = (
				208F73870FBB82EE49273010 /* Pods-cafinfo.debug.xcconfig */,
				9DDF5B9F68992A0B443069C7 /* Pods-cafinfo.release.xcconfig */,
				0675C970A6A14EECEEE32280 /* Pods-cafinfo-cafinfoUITests.debug.xcconfig */,
				8236D501B60E4F88F5733661 /* Pods-cafinfo-cafinfoUITests.release.xcconfig */,
				6A8D1EB6B5B94FC36A9B3842 /* Pods-cafinfoTests.debug.xcconfig */,
				DDBDDBEE0FE9624D33E88DCD /* Pods-cafinfoTests.release.xcconfig */,
			);
			name = Pods;
			path = Pods;
			sourceTree = "<group>";
		};
		DD86F8232DE486C50035BAAE = {
			isa = PBXGroup;
			children = (
				DD86F82E2DE486C50035BAAE /* cafinfo */,
				DD86F8452DE486C70035BAAE /* cafinfoTests */,
				DD86F84F2DE486C70035BAAE /* cafinfoUITests */,
				DD86F82D2DE486C50035BAAE /* Products */,
				D86196B9AB043B79DFC94B23 /* Pods */,
				772F2024198BEBD67AC601DB /* Frameworks */,
			);
			sourceTree = "<group>";
		};
		DD86F82D2DE486C50035BAAE /* Products */ = {
			isa = PBXGroup;
			children = (
				DD86F82C2DE486C50035BAAE /* cafinfo.app */,
				DD86F8422DE486C70035BAAE /* cafinfoTests.xctest */,
				DD86F84C2DE486C70035BAAE /* cafinfoUITests.xctest */,
			);
			name = Products;
			sourceTree = "<group>";
		};
/* End PBXGroup section */

/* Begin PBXNativeTarget section */
		DD86F82B2DE486C50035BAAE /* cafinfo */ = {
			isa = PBXNativeTarget;
			buildConfigurationList = DD86F8552DE486C70035BAAE /* Build configuration list for PBXNativeTarget "cafinfo" */;
			buildPhases = (
				B0D297E6BC89B06FA81E4B44 /* [CP] Check Pods Manifest.lock */,
				DD86F8282DE486C50035BAAE /* Sources */,
				DD86F8292DE486C50035BAAE /* Frameworks */,
				DD86F82A2DE486C50035BAAE /* Resources */,
				2FB865C93BB5DE615FE0EE3B /* [CP] Embed Pods Frameworks */,
			);
			buildRules = (
			);
			dependencies = (
			);
			fileSystemSynchronizedGroups = (
				DD86F82E2DE486C50035BAAE /* cafinfo */,
			);
			name = cafinfo;
			productName = cafinfo;
			productReference = DD86F82C2DE486C50035BAAE /* cafinfo.app */;
			productType = "com.apple.product-type.application";
		};
		DD86F8412DE486C70035BAAE /* cafinfoTests */ = {
			isa = PBXNativeTarget;
			buildConfigurationList = DD86F85A2DE486C70035BAAE /* Build configuration list for PBXNativeTarget "cafinfoTests" */;
			buildPhases = (
				50AC04D2927DE67953CA45A7 /* [CP] Check Pods Manifest.lock */,
				DD86F83E2DE486C70035BAAE /* Sources */,
				DD86F83F2DE486C70035BAAE /* Frameworks */,
				DD86F8402DE486C70035BAAE /* Resources */,
			);
			buildRules = (
			);
			dependencies = (
				DD86F8442DE486C70035BAAE /* PBXTargetDependency */,
			);
			fileSystemSynchronizedGroups = (
				DD86F8452DE486C70035BAAE /* cafinfoTests */,
			);
			name = cafinfoTests;
			productName = cafinfoTests;
			productReference = DD86F8422DE486C70035BAAE /* cafinfoTests.xctest */;
			productType = "com.apple.product-type.bundle.unit-test";
		};
		DD86F84B2DE486C70035BAAE /* cafinfoUITests */ = {
			isa = PBXNativeTarget;
			buildConfigurationList = DD86F85D2DE486C70035BAAE /* Build configuration list for PBXNativeTarget "cafinfoUITests" */;
			buildPhases = (
				8D9E6A3F988607635E93B208 /* [CP] Check Pods Manifest.lock */,
				DD86F8482DE486C70035BAAE /* Sources */,
				DD86F8492DE486C70035BAAE /* Frameworks */,
				DD86F84A2DE486C70035BAAE /* Resources */,
				834BFD5AFDC4B93A80962792 /* [CP] Embed Pods Frameworks */,
			);
			buildRules = (
			);
			dependencies = (
				DD86F84E2DE486C70035BAAE /* PBXTargetDependency */,
			);
			fileSystemSynchronizedGroups = (
				DD86F84F2DE486C70035BAAE /* cafinfoUITests */,
			);
			name = cafinfoUITests;
			productName = cafinfoUITests;
			productReference = DD86F84C2DE486C70035BAAE /* cafinfoUITests.xctest */;
			productType = "com.apple.product-type.bundle.ui-testing";
		};
/* End PBXNativeTarget section */

/* Begin PBXProject section */
		DD86F8242DE486C50035BAAE /* Project object */ = {
			isa = PBXProject;
			attributes = {
				BuildIndependentTargetsInParallel = 1;
				LastSwiftUpdateCheck = 1630;
				LastUpgradeCheck = 1630;
				TargetAttributes = {
					DD86F82B2DE486C50035BAAE = {
						CreatedOnToolsVersion = 16.3;
					};
					DD86F8412DE486C70035BAAE = {
						CreatedOnToolsVersion = 16.3;
						TestTargetID = DD86F82B2DE486C50035BAAE;
					};
					DD86F84B2DE486C70035BAAE = {
						CreatedOnToolsVersion = 16.3;
						TestTargetID = DD86F82B2DE486C50035BAAE;
					};
				};
			};
			buildConfigurationList = DD86F8272DE486C50035BAAE /* Build configuration list for PBXProject "cafinfo" */;
			developmentRegion = en;
			hasScannedForEncodings = 0;
			knownRegions = (
				en,
				Base,
			);
			mainGroup = DD86F8232DE486C50035BAAE;
			minimizedProjectReferenceProxies = 1;
			preferredProjectObjectVersion = 77;
			productRefGroup = DD86F82D2DE486C50035BAAE /* Products */;
			projectDirPath = "";
			projectRoot = "";
			targets = (
				DD86F82B2DE486C50035BAAE /* cafinfo */,
				DD86F8412DE486C70035BAAE /* cafinfoTests */,
				DD86F84B2DE486C70035BAAE /* cafinfoUITests */,
			);
		};
/* End PBXProject section */

/* Begin PBXResourcesBuildPhase section */
		DD86F82A2DE486C50035BAAE /* Resources */ = {
			isa = PBXResourcesBuildPhase;
			buildActionMask = 2147483647;
			files = (
			);
			runOnlyForDeploymentPostprocessing = 0;
		};
		DD86F8402DE486C70035BAAE /* Resources */ = {
			isa = PBXResourcesBuildPhase;
			buildActionMask = 2147483647;
			files = (
			);
			runOnlyForDeploymentPostprocessing = 0;
		};
		DD86F84A2DE486C70035BAAE /* Resources */ = {
			isa = PBXResourcesBuildPhase;
			buildActionMask = 2147483647;
			files = (
			);
			runOnlyForDeploymentPostprocessing = 0;
		};
/* End PBXResourcesBuildPhase section */

/* Begin PBXShellScriptBuildPhase section */
		2FB865C93BB5DE615FE0EE3B /* [CP] Embed Pods Frameworks */ = {
			isa = PBXShellScriptBuildPhase;
			buildActionMask = 2147483647;
			files = (
			);
			inputFileListPaths = (
				"${PODS_ROOT}/Target Support Files/Pods-cafinfo/Pods-cafinfo-frameworks-${CONFIGURATION}-input-files.xcfilelist",
			);
			name = "[CP] Embed Pods Frameworks";
			outputFileListPaths = (
				"${PODS_ROOT}/Target Support Files/Pods-cafinfo/Pods-cafinfo-frameworks-${CONFIGURATION}-output-files.xcfilelist",
			);
			runOnlyForDeploymentPostprocessing = 0;
			shellPath = /bin/sh;
			shellScript = "\"${PODS_ROOT}/Target Support Files/Pods-cafinfo/Pods-cafinfo-frameworks.sh\"\n";
			showEnvVarsInLog = 0;
		};
		50AC04D2927DE67953CA45A7 /* [CP] Check Pods Manifest.lock */ = {
			isa = PBXShellScriptBuildPhase;
			buildActionMask = 2147483647;
			files = (
			);
			inputFileListPaths = (
			);
			inputPaths = (
				"${PODS_PODFILE_DIR_PATH}/Podfile.lock",
				"${PODS_ROOT}/Manifest.lock",
			);
			name = "[CP] Check Pods Manifest.lock";
			outputFileListPaths = (
			);
			outputPaths = (
				"$(DERIVED_FILE_DIR)/Pods-cafinfoTests-checkManifestLockResult.txt",
			);
			runOnlyForDeploymentPostprocessing = 0;
			shellPath = /bin/sh;
			shellScript = "diff \"${PODS_PODFILE_DIR_PATH}/Podfile.lock\" \"${PODS_ROOT}/Manifest.lock\" > /dev/null\nif [ $? != 0 ] ; then\n    # print error to STDERR\n    echo \"error: The sandbox is not in sync with the Podfile.lock. Run 'pod install' or update your CocoaPods installation.\" >&2\n    exit 1\nfi\n# This output is used by Xcode 'outputs' to avoid re-running this script phase.\necho \"SUCCESS\" > \"${SCRIPT_OUTPUT_FILE_0}\"\n";
			showEnvVarsInLog = 0;
		};
		834BFD5AFDC4B93A80962792 /* [CP] Embed Pods Frameworks */ = {
			isa = PBXShellScriptBuildPhase;
			buildActionMask = 2147483647;
			files = (
			);
			inputFileListPaths = (
				"${PODS_ROOT}/Target Support Files/Pods-cafinfo-cafinfoUITests/Pods-cafinfo-cafinfoUITests-frameworks-${CONFIGURATION}-input-files.xcfilelist",
			);
			name = "[CP] Embed Pods Frameworks";
			outputFileListPaths = (
				"${PODS_ROOT}/Target Support Files/Pods-cafinfo-cafinfoUITests/Pods-cafinfo-cafinfoUITests-frameworks-${CONFIGURATION}-output-files.xcfilelist",
			);
			runOnlyForDeploymentPostprocessing = 0;
			shellPath = /bin/sh;
			shellScript = "\"${PODS_ROOT}/Target Support Files/Pods-cafinfo-cafinfoUITests/Pods-cafinfo-cafinfoUITests-frameworks.sh\"\n";
			showEnvVarsInLog = 0;
		};
		8D9E6A3F988607635E93B208 /* [CP] Check Pods Manifest.lock */ = {
			isa = PBXShellScriptBuildPhase;
			buildActionMask = 2147483647;
			files = (
			);
			inputFileListPaths = (
			);
			inputPaths = (
				"${PODS_PODFILE_DIR_PATH}/Podfile.lock",
				"${PODS_ROOT}/Manifest.lock",
			);
			name = "[CP] Check Pods Manifest.lock";
			outputFileListPaths = (
			);
			outputPaths = (
				"$(DERIVED_FILE_DIR)/Pods-cafinfo-cafinfoUITests-checkManifestLockResult.txt",
			);
			runOnlyForDeploymentPostprocessing = 0;
			shellPath = /bin/sh;
			shellScript = "diff \"${PODS_PODFILE_DIR_PATH}/Podfile.lock\" \"${PODS_ROOT}/Manifest.lock\" > /dev/null\nif [ $? != 0 ] ; then\n    # print error to STDERR\n    echo \"error: The sandbox is not in sync with the Podfile.lock. Run 'pod install' or update your CocoaPods installation.\" >&2\n    exit 1\nfi\n# This output is used by Xcode 'outputs' to avoid re-running this script phase.\necho \"SUCCESS\" > \"${SCRIPT_OUTPUT_FILE_0}\"\n";
			showEnvVarsInLog = 0;
		};
		B0D297E6BC89B06FA81E4B44 /* [CP] Check Pods Manifest.lock */ = {
			isa = PBXShellScriptBuildPhase;
			buildActionMask = 2147483647;
			files = (
			);
			inputFileListPaths = (
			);
			inputPaths = (
				"${PODS_PODFILE_DIR_PATH}/Podfile.lock",
				"${PODS_ROOT}/Manifest.lock",
			);
			name = "[CP] Check Pods Manifest.lock";
			outputFileListPaths = (
			);
			outputPaths = (
				"$(DERIVED_FILE_DIR)/Pods-cafinfo-checkManifestLockResult.txt",
			);
			runOnlyForDeploymentPostprocessing = 0;
			shellPath = /bin/sh;
			shellScript = "diff \"${PODS_PODFILE_DIR_PATH}/Podfile.lock\" \"${PODS_ROOT}/Manifest.lock\" > /dev/null\nif [ $? != 0 ] ; then\n    # print error to STDERR\n    echo \"error: The sandbox is not in sync with the Podfile.lock. Run 'pod install' or update your CocoaPods installation.\" >&2\n    exit 1\nfi\n# This output is used by Xcode 'outputs' to avoid re-running this script phase.\necho \"SUCCESS\" > \"${SCRIPT_OUTPUT_FILE_0}\"\n";
			showEnvVarsInLog = 0;
		};
/* End PBXShellScriptBuildPhase section */

/* Begin PBXSourcesBuildPhase section */
		DD86F8282DE486C50035BAAE /* Sources */ = {
			isa = PBXSourcesBuildPhase;
			buildActionMask = 2147483647;
			files = (
			);
			runOnlyForDeploymentPostprocessing = 0;
		};
		DD86F83E2DE486C70035BAAE /* Sources */ = {
			isa = PBXSourcesBuildPhase;
			buildActionMask = 2147483647;
			files = (
			);
			runOnlyForDeploymentPostprocessing = 0;
		};
		DD86F8482DE486C70035BAAE /* Sources */ = {
			isa = PBXSourcesBuildPhase;
			buildActionMask = 2147483647;
			files = (
			);
			runOnlyForDeploymentPostprocessing = 0;
		};
/* End PBXSourcesBuildPhase section */

/* Begin PBXTargetDependency section */
		DD86F8442DE486C70035BAAE /* PBXTargetDependency */ = {
			isa = PBXTargetDependency;
			target = DD86F82B2DE486C50035BAAE /* cafinfo */;
			targetProxy = DD86F8432DE486C70035BAAE /* PBXContainerItemProxy */;
		};
		DD86F84E2DE486C70035BAAE /* PBXTargetDependency */ = {
			isa = PBXTargetDependency;
			target = DD86F82B2DE486C50035BAAE /* cafinfo */;
			targetProxy = DD86F84D2DE486C70035BAAE /* PBXContainerItemProxy */;
		};
/* End PBXTargetDependency section */

/* Begin XCBuildConfiguration section */
		DD86F8562DE486C70035BAAE /* Debug */ = {
			isa = XCBuildConfiguration;
			baseConfigurationReference = 208F73870FBB82EE49273010 /* Pods-cafinfo.debug.xcconfig */;
			buildSettings = {
				ASSETCATALOG_COMPILER_APPICON_NAME = AppIcon;
				ASSETCATALOG_COMPILER_GLOBAL_ACCENT_COLOR_NAME = AccentColor;
				CODE_SIGN_STYLE = Automatic;
				CURRENT_PROJECT_VERSION = 1;
				GENERATE_INFOPLIST_FILE = YES;
				INFOPLIST_FILE = cafinfo/Info.plist;
				INFOPLIST_KEY_UIApplicationSupportsIndirectInputEvents = YES;
				INFOPLIST_KEY_UILaunchStoryboardName = LaunchScreen;
				INFOPLIST_KEY_UISupportedInterfaceOrientations_iPad = "UIInterfaceOrientationPortrait UIInterfaceOrientationPortraitUpsideDown UIInterfaceOrientationLandscapeLeft UIInterfaceOrientationLandscapeRight";
				INFOPLIST_KEY_UISupportedInterfaceOrientations_iPhone = "UIInterfaceOrientationPortrait UIInterfaceOrientationLandscapeLeft UIInterfaceOrientationLandscapeRight";
				LD_RUNPATH_SEARCH_PATHS = (
					"$(inherited)",
					"@executable_path/Frameworks",
				);
				MARKETING_VERSION = 1.0;
				PRODUCT_BUNDLE_IDENTIFIER = unknown.cafinfo;
				PRODUCT_NAME = "$(TARGET_NAME)";
				SWIFT_EMIT_LOC_STRINGS = YES;
				SWIFT_VERSION = 5.0;
				TARGETED_DEVICE_FAMILY = "1,2";
			};
			name = Debug;
		};
		DD86F8572DE486C70035BAAE /* Release */ = {
			isa = XCBuildConfiguration;
			baseConfigurationReference = 9DDF5B9F68992A0B443069C7 /* Pods-cafinfo.release.xcconfig */;
			buildSettings = {
				ASSETCATALOG_COMPILER_APPICON_NAME = AppIcon;
				ASSETCATALOG_COMPILER_GLOBAL_ACCENT_COLOR_NAME = AccentColor;
				CODE_SIGN_STYLE = Automatic;
				CURRENT_PROJECT_VERSION = 1;
				GENERATE_INFOPLIST_FILE = YES;
				INFOPLIST_FILE = cafinfo/Info.plist;
				INFOPLIST_KEY_UIApplicationSupportsIndirectInputEvents = YES;
				INFOPLIST_KEY_UILaunchStoryboardName = LaunchScreen;
				INFOPLIST_KEY_UISupportedInterfaceOrientations_iPad = "UIInterfaceOrientationPortrait UIInterfaceOrientationPortraitUpsideDown UIInterfaceOrientationLandscapeLeft UIInterfaceOrientationLandscapeRight";
				INFOPLIST_KEY_UISupportedInterfaceOrientations_iPhone = "UIInterfaceOrientationPortrait UIInterfaceOrientationLandscapeLeft UIInterfaceOrientationLandscapeRight";
				LD_RUNPATH_SEARCH_PATHS = (
					"$(inherited)",
					"@executable_path/Frameworks",
				);
				MARKETING_VERSION = 1.0;
				PRODUCT_BUNDLE_IDENTIFIER = unknown.cafinfo;
				PRODUCT_NAME = "$(TARGET_NAME)";
				SWIFT_EMIT_LOC_STRINGS = YES;
				SWIFT_VERSION = 5.0;
				TARGETED_DEVICE_FAMILY = "1,2";
			};
			name = Release;
		};
		DD86F8582DE486C70035BAAE /* Debug */ = {
			isa = XCBuildConfiguration;
			buildSettings = {
				ALWAYS_SEARCH_USER_PATHS = NO;
				ASSETCATALOG_COMPILER_GENERATE_SWIFT_ASSET_SYMBOL_EXTENSIONS = YES;
				CLANG_ANALYZER_NONNULL = YES;
				CLANG_ANALYZER_NUMBER_OBJECT_CONVERSION = YES_AGGRESSIVE;
				CLANG_CXX_LANGUAGE_STANDARD = "gnu++20";
				CLANG_ENABLE_MODULES = YES;
				CLANG_ENABLE_OBJC_ARC = YES;
				CLANG_ENABLE_OBJC_WEAK = YES;
				CLANG_WARN_BLOCK_CAPTURE_AUTORELEASING = YES;
				CLANG_WARN_BOOL_CONVERSION = YES;
				CLANG_WARN_COMMA = YES;
				CLANG_WARN_CONSTANT_CONVERSION = YES;
				CLANG_WARN_DEPRECATED_OBJC_IMPLEMENTATIONS = YES;
				CLANG_WARN_DIRECT_OBJC_ISA_USAGE = YES_ERROR;
				CLANG_WARN_DOCUMENTATION_COMMENTS = YES;
				CLANG_WARN_EMPTY_BODY = YES;
				CLANG_WARN_ENUM_CONVERSION = YES;
				CLANG_WARN_INFINITE_RECURSION = YES;
				CLANG_WARN_INT_CONVERSION = YES;
				CLANG_WARN_NON_LITERAL_NULL_CONVERSION = YES;
				CLANG_WARN_OBJC_IMPLICIT_RETAIN_SELF = YES;
				CLANG_WARN_OBJC_LITERAL_CONVERSION = YES;
				CLANG_WARN_OBJC_ROOT_CLASS = YES_ERROR;
				CLANG_WARN_QUOTED_INCLUDE_IN_FRAMEWORK_HEADER = YES;
				CLANG_WARN_RANGE_LOOP_ANALYSIS = YES;
				CLANG_WARN_STRICT_PROTOTYPES = YES;
				CLANG_WARN_SUSPICIOUS_MOVE = YES;
				CLANG_WARN_UNGUARDED_AVAILABILITY = YES_AGGRESSIVE;
				CLANG_WARN_UNREACHABLE_CODE = YES;
				CLANG_WARN__DUPLICATE_METHOD_MATCH = YES;
				COPY_PHASE_STRIP = NO;
				DEBUG_INFORMATION_FORMAT = dwarf;
				ENABLE_STRICT_OBJC_MSGSEND = YES;
				ENABLE_TESTABILITY = YES;
				ENABLE_USER_SCRIPT_SANDBOXING = NO;
				GCC_C_LANGUAGE_STANDARD = gnu17;
				GCC_DYNAMIC_NO_PIC = NO;
				GCC_NO_COMMON_BLOCKS = YES;
				GCC_OPTIMIZATION_LEVEL = 0;
				GCC_PREPROCESSOR_DEFINITIONS = (
					"DEBUG=1",
					"$(inherited)",
				);
				GCC_WARN_64_TO_32_BIT_CONVERSION = YES;
				GCC_WARN_ABOUT_RETURN_TYPE = YES_ERROR;
				GCC_WARN_UNDECLARED_SELECTOR = YES;
				GCC_WARN_UNINITIALIZED_AUTOS = YES_AGGRESSIVE;
				GCC_WARN_UNUSED_FUNCTION = YES;
				GCC_WARN_UNUSED_VARIABLE = YES;
				IPHONEOS_DEPLOYMENT_TARGET = 18.4;
				LOCALIZATION_PREFERS_STRING_CATALOGS = YES;
				MTL_ENABLE_DEBUG_INFO = INCLUDE_SOURCE;
				MTL_FAST_MATH = YES;
				ONLY_ACTIVE_ARCH = YES;
				SDKROOT = iphoneos;
				SWIFT_ACTIVE_COMPILATION_CONDITIONS = "DEBUG $(inherited)";
				SWIFT_OPTIMIZATION_LEVEL = "-Onone";
			};
			name = Debug;
		};
		DD86F8592DE486C70035BAAE /* Release */ = {
			isa = XCBuildConfiguration;
			buildSettings = {
				ALWAYS_SEARCH_USER_PATHS = NO;
				ASSETCATALOG_COMPILER_GENERATE_SWIFT_ASSET_SYMBOL_EXTENSIONS = YES;
				CLANG_ANALYZER_NONNULL = YES;
				CLANG_ANALYZER_NUMBER_OBJECT_CONVERSION = YES_AGGRESSIVE;
				CLANG_CXX_LANGUAGE_STANDARD = "gnu++20";
				CLANG_ENABLE_MODULES = YES;
				CLANG_ENABLE_OBJC_ARC = YES;
				CLANG_ENABLE_OBJC_WEAK = YES;
				CLANG_WARN_BLOCK_CAPTURE_AUTORELEASING = YES;
				CLANG_WARN_BOOL_CONVERSION = YES;
				CLANG_WARN_COMMA = YES;
				CLANG_WARN_CONSTANT_CONVERSION = YES;
				CLANG_WARN_DEPRECATED_OBJC_IMPLEMENTATIONS = YES;
				CLANG_WARN_DIRECT_OBJC_ISA_USAGE = YES_ERROR;
				CLANG_WARN_DOCUMENTATION_COMMENTS = YES;
				CLANG_WARN_EMPTY_BODY = YES;
				CLANG_WARN_ENUM_CONVERSION = YES;
				CLANG_WARN_INFINITE_RECURSION = YES;
				CLANG_WARN_INT_CONVERSION = YES;
				CLANG_WARN_NON_LITERAL_NULL_CONVERSION = YES;
				CLANG_WARN_OBJC_IMPLICIT_RETAIN_SELF = YES;
				CLANG_WARN_OBJC_LITERAL_CONVERSION = YES;
				CLANG_WARN_OBJC_ROOT_CLASS = YES_ERROR;
				CLANG_WARN_QUOTED_INCLUDE_IN_FRAMEWORK_HEADER = YES;
				CLANG_WARN_RANGE_LOOP_ANALYSIS = YES;
				CLANG_WARN_STRICT_PROTOTYPES = YES;
				CLANG_WARN_SUSPICIOUS_MOVE = YES;
				CLANG_WARN_UNGUARDED_AVAILABILITY = YES_AGGRESSIVE;
				CLANG_WARN_UNREACHABLE_CODE = YES;
				CLANG_WARN__DUPLICATE_METHOD_MATCH = YES;
				COPY_PHASE_STRIP = NO;
				DEBUG_INFORMATION_FORMAT = "dwarf-with-dsym";
				ENABLE_NS_ASSERTIONS = NO;
				ENABLE_STRICT_OBJC_MSGSEND = YES;
				ENABLE_USER_SCRIPT_SANDBOXING = NO;
				GCC_C_LANGUAGE_STANDARD = gnu17;
				GCC_NO_COMMON_BLOCKS = YES;
				GCC_WARN_64_TO_32_BIT_CONVERSION = YES;
				GCC_WARN_ABOUT_RETURN_TYPE = YES_ERROR;
				GCC_WARN_UNDECLARED_SELECTOR = YES;
				GCC_WARN_UNINITIALIZED_AUTOS = YES_AGGRESSIVE;
				GCC_WARN_UNUSED_FUNCTION = YES;
				GCC_WARN_UNUSED_VARIABLE = YES;
				IPHONEOS_DEPLOYMENT_TARGET = 18.4;
				LOCALIZATION_PREFERS_STRING_CATALOGS = YES;
				MTL_ENABLE_DEBUG_INFO = NO;
				MTL_FAST_MATH = YES;
				SDKROOT = iphoneos;
				SWIFT_COMPILATION_MODE = wholemodule;
				VALIDATE_PRODUCT = YES;
			};
			name = Release;
		};
		DD86F85B2DE486C70035BAAE /* Debug */ = {
			isa = XCBuildConfiguration;
			baseConfigurationReference = 6A8D1EB6B5B94FC36A9B3842 /* Pods-cafinfoTests.debug.xcconfig */;
			buildSettings = {
				BUNDLE_LOADER = "$(TEST_HOST)";
				CODE_SIGN_STYLE = Automatic;
				CURRENT_PROJECT_VERSION = 1;
				GENERATE_INFOPLIST_FILE = YES;
				IPHONEOS_DEPLOYMENT_TARGET = 18.4;
				MARKETING_VERSION = 1.0;
				PRODUCT_BUNDLE_IDENTIFIER = unknown.cafinfoTests;
				PRODUCT_NAME = "$(TARGET_NAME)";
				SWIFT_EMIT_LOC_STRINGS = NO;
				SWIFT_VERSION = 5.0;
				TARGETED_DEVICE_FAMILY = "1,2";
				TEST_HOST = "$(BUILT_PRODUCTS_DIR)/cafinfo.app/$(BUNDLE_EXECUTABLE_FOLDER_PATH)/cafinfo";
			};
			name = Debug;
		};
		DD86F85C2DE486C70035BAAE /* Release */ = {
			isa = XCBuildConfiguration;
			baseConfigurationReference = DDBDDBEE0FE9624D33E88DCD /* Pods-cafinfoTests.release.xcconfig */;
			buildSettings = {
				BUNDLE_LOADER = "$(TEST_HOST)";
				CODE_SIGN_STYLE = Automatic;
				CURRENT_PROJECT_VERSION = 1;
				GENERATE_INFOPLIST_FILE = YES;
				IPHONEOS_DEPLOYMENT_TARGET = 18.4;
				MARKETING_VERSION = 1.0;
				PRODUCT_BUNDLE_IDENTIFIER = unknown.cafinfoTests;
				PRODUCT_NAME = "$(TARGET_NAME)";
				SWIFT_EMIT_LOC_STRINGS = NO;
				SWIFT_VERSION = 5.0;
				TARGETED_DEVICE_FAMILY = "1,2";
				TEST_HOST = "$(BUILT_PRODUCTS_DIR)/cafinfo.app/$(BUNDLE_EXECUTABLE_FOLDER_PATH)/cafinfo";
			};
			name = Release;
		};
		DD86F85E2DE486C70035BAAE /* Debug */ = {
			isa = XCBuildConfiguration;
			baseConfigurationReference = 0675C970A6A14EECEEE32280 /* Pods-cafinfo-cafinfoUITests.debug.xcconfig */;
			buildSettings = {
				CODE_SIGN_STYLE = Automatic;
				CURRENT_PROJECT_VERSION = 1;
				GENERATE_INFOPLIST_FILE = YES;
				MARKETING_VERSION = 1.0;
				PRODUCT_BUNDLE_IDENTIFIER = unknown.cafinfoUITests;
				PRODUCT_NAME = "$(TARGET_NAME)";
				SWIFT_EMIT_LOC_STRINGS = NO;
				SWIFT_VERSION = 5.0;
				TARGETED_DEVICE_FAMILY = "1,2";
				TEST_TARGET_NAME = cafinfo;
			};
			name = Debug;
		};
		DD86F85F2DE486C70035BAAE /* Release */ = {
			isa = XCBuildConfiguration;
			baseConfigurationReference = 8236D501B60E4F88F5733661 /* Pods-cafinfo-cafinfoUITests.release.xcconfig */;
			buildSettings = {
				CODE_SIGN_STYLE = Automatic;
				CURRENT_PROJECT_VERSION = 1;
				GENERATE_INFOPLIST_FILE = YES;
				MARKETING_VERSION = 1.0;
				PRODUCT_BUNDLE_IDENTIFIER = unknown.cafinfoUITests;
				PRODUCT_NAME = "$(TARGET_NAME)";
				SWIFT_EMIT_LOC_STRINGS = NO;
				SWIFT_VERSION = 5.0;
				TARGETED_DEVICE_FAMILY = "1,2";
				TEST_TARGET_NAME = cafinfo;
			};
			name = Release;
		};
/* End XCBuildConfiguration section */

/* Begin XCConfigurationList section */
		DD86F8272DE486C50035BAAE /* Build configuration list for PBXProject "cafinfo" */ = {
			isa = XCConfigurationList;
			buildConfigurations = (
				DD86F8582DE486C70035BAAE /* Debug */,
				DD86F8592DE486C70035BAAE /* Release */,
			);
			defaultConfigurationIsVisible = 0;
			defaultConfigurationName = Release;
		};
		DD86F8552DE486C70035BAAE /* Build configuration list for PBXNativeTarget "cafinfo" */ = {
			isa = XCConfigurationList;
			buildConfigurations = (
				DD86F8562DE486C70035BAAE /* Debug */,
				DD86F8572DE486C70035BAAE /* Release */,
			);
			defaultConfigurationIsVisible = 0;
			defaultConfigurationName = Release;
		};
		DD86F85A2DE486C70035BAAE /* Build configuration list for PBXNativeTarget "cafinfoTests" */ = {
			isa = XCConfigurationList;
			buildConfigurations = (
				DD86F85B2DE486C70035BAAE /* Debug */,
				DD86F85C2DE486C70035BAAE /* Release */,
			);
			defaultConfigurationIsVisible = 0;
			defaultConfigurationName = Release;
		};
		DD86F85D2DE486C70035BAAE /* Build configuration list for PBXNativeTarget "cafinfoUITests" */ = {
			isa = XCConfigurationList;
			buildConfigurations = (
				DD86F85E2DE486C70035BAAE /* Debug */,
				DD86F85F2DE486C70035BAAE /* Release */,
			);
			defaultConfigurationIsVisible = 0;
			defaultConfigurationName = Release;
		};
/* End XCConfigurationList section */
	};
	rootObject = DD86F8242DE486C50035BAAE /* Project object */;
}
